// !$*UTF8*$!
{
	archiveVersion = 1;
	classes = {
	};
	objectVersion = 56;
	objects = {

/* Begin PBXBuildFile section */
		5D103A642C2B259D0019A89C /* yt-dlp_macos in Copy Tools */ = {isa = PBXBuildFile; fileRef = 5D77D84B2BBBBAA1008EB440 /* yt-dlp_macos */; settings = {ATTRIBUTES = (CodeSignOnCopy, ); }; };
		5D103A652C2B259D0019A89C /* ffmpeg in Copy Tools */ = {isa = PBXBuildFile; fileRef = 5D103A612C2B25520019A89C /* ffmpeg */; settings = {ATTRIBUTES = (CodeSignOnCopy, ); }; };
		5D77D8452BBB992D008EB440 /* VCSettingsVideo.swift in Sources */ = {isa = PBXBuildFile; fileRef = 5D77D8432BBB992D008EB440 /* VCSettingsVideo.swift */; };
		5D77D8462BBB992D008EB440 /* VCSettingsVideo.xib in Resources */ = {isa = PBXBuildFile; fileRef = 5D77D8442BBB992D008EB440 /* VCSettingsVideo.xib */; };
		5D77D8492BBB9E80008EB440 /* VCSettingsConvert.swift in Sources */ = {isa = PBXBuildFile; fileRef = 5D77D8472BBB9E80008EB440 /* VCSettingsConvert.swift */; };
		5D77D84A2BBB9E80008EB440 /* VCSettingsConvert.xib in Resources */ = {isa = PBXBuildFile; fileRef = 5D77D8482BBB9E80008EB440 /* VCSettingsConvert.xib */; };
		5D77D8552BBC089F008EB440 /* DLManager.swift in Sources */ = {isa = PBXBuildFile; fileRef = 5D77D8542BBC089F008EB440 /* DLManager.swift */; };
		5D8D46AA2BBB0F580041144E /* AppDelegate.swift in Sources */ = {isa = PBXBuildFile; fileRef = 5D8D46A92BBB0F580041144E /* AppDelegate.swift */; };
		5D8D46AC2BBB0F5B0041144E /* Assets.xcassets in Resources */ = {isa = PBXBuildFile; fileRef = 5D8D46AB2BBB0F5B0041144E /* Assets.xcassets */; };
		5D8D46AF2BBB0F5B0041144E /* MainMenu.xib in Resources */ = {isa = PBXBuildFile; fileRef = 5D8D46AD2BBB0F5B0041144E /* MainMenu.xib */; };
		5D8D46BA2BBB0F5C0041144E /* SupporterTests.swift in Sources */ = {isa = PBXBuildFile; fileRef = 5D8D46B92BBB0F5C0041144E /* SupporterTests.swift */; };
		5D8D46C42BBB0F5C0041144E /* SupporterUITests.swift in Sources */ = {isa = PBXBuildFile; fileRef = 5D8D46C32BBB0F5C0041144E /* SupporterUITests.swift */; };
		5D8D46C62BBB0F5C0041144E /* SupporterUITestsLaunchTests.swift in Sources */ = {isa = PBXBuildFile; fileRef = 5D8D46C52BBB0F5C0041144E /* SupporterUITestsLaunchTests.swift */; };
		5D8D46DB2BBB0FBB0041144E /* SupporterCore.docc in Sources */ = {isa = PBXBuildFile; fileRef = 5D8D46DA2BBB0FBB0041144E /* SupporterCore.docc */; };
		5D8D46E82BBB0FBB0041144E /* SupporterCoreTests.swift in Sources */ = {isa = PBXBuildFile; fileRef = 5D8D46E72BBB0FBB0041144E /* SupporterCoreTests.swift */; };
		5D8D46E92BBB0FBB0041144E /* SupporterCore.h in Headers */ = {isa = PBXBuildFile; fileRef = 5D8D46D92BBB0FBB0041144E /* SupporterCore.h */; settings = {ATTRIBUTES = (Public, ); }; };
		5D8D46EC2BBB0FBB0041144E /* SupporterCore.framework in Frameworks */ = {isa = PBXBuildFile; fileRef = 5D8D46D72BBB0FBB0041144E /* SupporterCore.framework */; };
		5D8D46ED2BBB0FBB0041144E /* SupporterCore.framework in Embed Frameworks */ = {isa = PBXBuildFile; fileRef = 5D8D46D72BBB0FBB0041144E /* SupporterCore.framework */; settings = {ATTRIBUTES = (CodeSignOnCopy, RemoveHeadersOnCopy, ); }; };
		5D8D46F52BBB0FCD0041144E /* SupporterCore.framework in Frameworks */ = {isa = PBXBuildFile; fileRef = 5D8D46D72BBB0FBB0041144E /* SupporterCore.framework */; };
		5D8D46FC2BBB10B00041144E /* WDVideoProgress.swift in Sources */ = {isa = PBXBuildFile; fileRef = 5D8D46FA2BBB10B00041144E /* WDVideoProgress.swift */; };
		5D8D46FD2BBB10B00041144E /* WDVideoProgress.xib in Resources */ = {isa = PBXBuildFile; fileRef = 5D8D46FB2BBB10B00041144E /* WDVideoProgress.xib */; };
		5D8D47002BBB15F90041144E /* WDMain.swift in Sources */ = {isa = PBXBuildFile; fileRef = 5D8D46FE2BBB15F90041144E /* WDMain.swift */; };
		5D8D47012BBB15F90041144E /* WDMain.xib in Resources */ = {isa = PBXBuildFile; fileRef = 5D8D46FF2BBB15F90041144E /* WDMain.xib */; };
		5D8D47052BBB95A80041144E /* WDSettings.swift in Sources */ = {isa = PBXBuildFile; fileRef = 5D8D47032BBB95A80041144E /* WDSettings.swift */; };
		5D8D47062BBB95A80041144E /* WDSettings.xib in Resources */ = {isa = PBXBuildFile; fileRef = 5D8D47042BBB95A80041144E /* WDSettings.xib */; };
/* End PBXBuildFile section */

/* Begin PBXContainerItemProxy section */
		5D8D46B62BBB0F5C0041144E /* PBXContainerItemProxy */ = {
			isa = PBXContainerItemProxy;
			containerPortal = 5D8D469E2BBB0F580041144E /* Project object */;
			proxyType = 1;
			remoteGlobalIDString = 5D8D46A52BBB0F580041144E;
			remoteInfo = Supporter;
		};
		5D8D46C02BBB0F5C0041144E /* PBXContainerItemProxy */ = {
			isa = PBXContainerItemProxy;
			containerPortal = 5D8D469E2BBB0F580041144E /* Project object */;
			proxyType = 1;
			remoteGlobalIDString = 5D8D46A52BBB0F580041144E;
			remoteInfo = Supporter;
		};
		5D8D46E22BBB0FBB0041144E /* PBXContainerItemProxy */ = {
			isa = PBXContainerItemProxy;
			containerPortal = 5D8D469E2BBB0F580041144E /* Project object */;
			proxyType = 1;
			remoteGlobalIDString = 5D8D46D62BBB0FBB0041144E;
			remoteInfo = SupporterCore;
		};
		5D8D46E42BBB0FBB0041144E /* PBXContainerItemProxy */ = {
			isa = PBXContainerItemProxy;
			containerPortal = 5D8D469E2BBB0F580041144E /* Project object */;
			proxyType = 1;
			remoteGlobalIDString = 5D8D46A52BBB0F580041144E;
			remoteInfo = Supporter;
		};
		5D8D46EA2BBB0FBB0041144E /* PBXContainerItemProxy */ = {
			isa = PBXContainerItemProxy;
			containerPortal = 5D8D469E2BBB0F580041144E /* Project object */;
			proxyType = 1;
			remoteGlobalIDString = 5D8D46D62BBB0FBB0041144E;
			remoteInfo = SupporterCore;
		};
/* End PBXContainerItemProxy section */

/* Begin PBXCopyFilesBuildPhase section */
		5D103A632C2B25740019A89C /* Copy Tools */ = {
			isa = PBXCopyFilesBuildPhase;
			buildActionMask = 2147483647;
			dstPath = "";
			dstSubfolderSpec = 6;
			files = (
				5D103A642C2B259D0019A89C /* yt-dlp_macos in Copy Tools */,
				5D103A652C2B259D0019A89C /* ffmpeg in Copy Tools */,
			);
			name = "Copy Tools";
			runOnlyForDeploymentPostprocessing = 0;
		};
		5D8D46F12BBB0FBB0041144E /* Embed Frameworks */ = {
			isa = PBXCopyFilesBuildPhase;
			buildActionMask = 2147483647;
			dstPath = "";
			dstSubfolderSpec = 10;
			files = (
				5D8D46ED2BBB0FBB0041144E /* SupporterCore.framework in Embed Frameworks */,
			);
			name = "Embed Frameworks";
			runOnlyForDeploymentPostprocessing = 0;
		};
/* End PBXCopyFilesBuildPhase section */

/* Begin PBXFileReference section */
		5D103A612C2B25520019A89C /* ffmpeg */ = {isa = PBXFileReference; lastKnownFileType = "compiled.mach-o.executable"; path = ffmpeg; sourceTree = "<group>"; };
		5D77D8432BBB992D008EB440 /* VCSettingsVideo.swift */ = {isa = PBXFileReference; lastKnownFileType = sourcecode.swift; path = VCSettingsVideo.swift; sourceTree = "<group>"; };
		5D77D8442BBB992D008EB440 /* VCSettingsVideo.xib */ = {isa = PBXFileReference; lastKnownFileType = file.xib; path = VCSettingsVideo.xib; sourceTree = "<group>"; };
		5D77D8472BBB9E80008EB440 /* VCSettingsConvert.swift */ = {isa = PBXFileReference; lastKnownFileType = sourcecode.swift; path = VCSettingsConvert.swift; sourceTree = "<group>"; };
		5D77D8482BBB9E80008EB440 /* VCSettingsConvert.xib */ = {isa = PBXFileReference; lastKnownFileType = file.xib; path = VCSettingsConvert.xib; sourceTree = "<group>"; };
		5D77D84B2BBBBAA1008EB440 /* yt-dlp_macos */ = {isa = PBXFileReference; lastKnownFileType = "compiled.mach-o.executable"; path = "yt-dlp_macos"; sourceTree = "<group>"; };
		5D77D84F2BBBBC85008EB440 /* Python3.framework */ = {isa = PBXFileReference; lastKnownFileType = wrapper.framework; name = Python3.framework; path = Library/Frameworks/Python3.framework; sourceTree = DEVELOPER_DIR; };
		5D77D8542BBC089F008EB440 /* DLManager.swift */ = {isa = PBXFileReference; lastKnownFileType = sourcecode.swift; path = DLManager.swift; sourceTree = "<group>"; };
		5D8D46A62BBB0F580041144E /* Kittybot.app */ = {isa = PBXFileReference; explicitFileType = wrapper.application; includeInIndex = 0; path = Kittybot.app; sourceTree = BUILT_PRODUCTS_DIR; };
		5D8D46A92BBB0F580041144E /* AppDelegate.swift */ = {isa = PBXFileReference; lastKnownFileType = sourcecode.swift; path = AppDelegate.swift; sourceTree = "<group>"; };
		5D8D46AB2BBB0F5B0041144E /* Assets.xcassets */ = {isa = PBXFileReference; lastKnownFileType = folder.assetcatalog; path = Assets.xcassets; sourceTree = "<group>"; };
		5D8D46AE2BBB0F5B0041144E /* Base */ = {isa = PBXFileReference; lastKnownFileType = file.xib; name = Base; path = Base.lproj/MainMenu.xib; sourceTree = "<group>"; };
		5D8D46B02BBB0F5B0041144E /* Supporter.entitlements */ = {isa = PBXFileReference; lastKnownFileType = text.plist.entitlements; path = Supporter.entitlements; sourceTree = "<group>"; };
		5D8D46B52BBB0F5C0041144E /* SupporterTests.xctest */ = {isa = PBXFileReference; explicitFileType = wrapper.cfbundle; includeInIndex = 0; path = SupporterTests.xctest; sourceTree = BUILT_PRODUCTS_DIR; };
		5D8D46B92BBB0F5C0041144E /* SupporterTests.swift */ = {isa = PBXFileReference; lastKnownFileType = sourcecode.swift; path = SupporterTests.swift; sourceTree = "<group>"; };
		5D8D46BF2BBB0F5C0041144E /* SupporterUITests.xctest */ = {isa = PBXFileReference; explicitFileType = wrapper.cfbundle; includeInIndex = 0; path = SupporterUITests.xctest; sourceTree = BUILT_PRODUCTS_DIR; };
		5D8D46C32BBB0F5C0041144E /* SupporterUITests.swift */ = {isa = PBXFileReference; lastKnownFileType = sourcecode.swift; path = SupporterUITests.swift; sourceTree = "<group>"; };
		5D8D46C52BBB0F5C0041144E /* SupporterUITestsLaunchTests.swift */ = {isa = PBXFileReference; lastKnownFileType = sourcecode.swift; path = SupporterUITestsLaunchTests.swift; sourceTree = "<group>"; };
		5D8D46D72BBB0FBB0041144E /* SupporterCore.framework */ = {isa = PBXFileReference; explicitFileType = wrapper.framework; includeInIndex = 0; path = SupporterCore.framework; sourceTree = BUILT_PRODUCTS_DIR; };
		5D8D46D92BBB0FBB0041144E /* SupporterCore.h */ = {isa = PBXFileReference; lastKnownFileType = sourcecode.c.h; path = SupporterCore.h; sourceTree = "<group>"; };
		5D8D46DA2BBB0FBB0041144E /* SupporterCore.docc */ = {isa = PBXFileReference; lastKnownFileType = folder.documentationcatalog; path = SupporterCore.docc; sourceTree = "<group>"; };
		5D8D46E02BBB0FBB0041144E /* SupporterCoreTests.xctest */ = {isa = PBXFileReference; explicitFileType = wrapper.cfbundle; includeInIndex = 0; path = SupporterCoreTests.xctest; sourceTree = BUILT_PRODUCTS_DIR; };
		5D8D46E72BBB0FBB0041144E /* SupporterCoreTests.swift */ = {isa = PBXFileReference; lastKnownFileType = sourcecode.swift; path = SupporterCoreTests.swift; sourceTree = "<group>"; };
		5D8D46FA2BBB10B00041144E /* WDVideoProgress.swift */ = {isa = PBXFileReference; lastKnownFileType = sourcecode.swift; path = WDVideoProgress.swift; sourceTree = "<group>"; };
		5D8D46FB2BBB10B00041144E /* WDVideoProgress.xib */ = {isa = PBXFileReference; lastKnownFileType = file.xib; path = WDVideoProgress.xib; sourceTree = "<group>"; };
		5D8D46FE2BBB15F90041144E /* WDMain.swift */ = {isa = PBXFileReference; lastKnownFileType = sourcecode.swift; path = WDMain.swift; sourceTree = "<group>"; };
		5D8D46FF2BBB15F90041144E /* WDMain.xib */ = {isa = PBXFileReference; lastKnownFileType = file.xib; path = WDMain.xib; sourceTree = "<group>"; };
		5D8D47032BBB95A80041144E /* WDSettings.swift */ = {isa = PBXFileReference; lastKnownFileType = sourcecode.swift; path = WDSettings.swift; sourceTree = "<group>"; };
		5D8D47042BBB95A80041144E /* WDSettings.xib */ = {isa = PBXFileReference; lastKnownFileType = file.xib; path = WDSettings.xib; sourceTree = "<group>"; };
/* End PBXFileReference section */

/* Begin PBXFrameworksBuildPhase section */
		5D8D46A32BBB0F580041144E /* Frameworks */ = {
			isa = PBXFrameworksBuildPhase;
			buildActionMask = 2147483647;
			files = (
				5D8D46EC2BBB0FBB0041144E /* SupporterCore.framework in Frameworks */,
			);
			runOnlyForDeploymentPostprocessing = 0;
		};
		5D8D46B22BBB0F5C0041144E /* Frameworks */ = {
			isa = PBXFrameworksBuildPhase;
			buildActionMask = 2147483647;
			files = (
			);
			runOnlyForDeploymentPostprocessing = 0;
		};
		5D8D46BC2BBB0F5C0041144E /* Frameworks */ = {
			isa = PBXFrameworksBuildPhase;
			buildActionMask = 2147483647;
			files = (
			);
			runOnlyForDeploymentPostprocessing = 0;
		};
		5D8D46D42BBB0FBB0041144E /* Frameworks */ = {
			isa = PBXFrameworksBuildPhase;
			buildActionMask = 2147483647;
			files = (
			);
			runOnlyForDeploymentPostprocessing = 0;
		};
		5D8D46DD2BBB0FBB0041144E /* Frameworks */ = {
			isa = PBXFrameworksBuildPhase;
			buildActionMask = 2147483647;
			files = (
				5D8D46F52BBB0FCD0041144E /* SupporterCore.framework in Frameworks */,
			);
			runOnlyForDeploymentPostprocessing = 0;
		};
/* End PBXFrameworksBuildPhase section */

/* Begin PBXGroup section */
		5D103A602C2B25150019A89C /* Tool */ = {
			isa = PBXGroup;
			children = (
				5D77D84B2BBBBAA1008EB440 /* yt-dlp_macos */,
				5D103A612C2B25520019A89C /* ffmpeg */,
			);
			path = Tool;
			sourceTree = "<group>";
		};
		5D77D8422BBB9911008EB440 /* SubPage */ = {
			isa = PBXGroup;
			children = (
				5D77D8432BBB992D008EB440 /* VCSettingsVideo.swift */,
				5D77D8442BBB992D008EB440 /* VCSettingsVideo.xib */,
				5D77D8472BBB9E80008EB440 /* VCSettingsConvert.swift */,
				5D77D8482BBB9E80008EB440 /* VCSettingsConvert.xib */,
			);
			path = SubPage;
			sourceTree = "<group>";
		};
		5D77D84E2BBBBC84008EB440 /* Frameworks */ = {
			isa = PBXGroup;
			children = (
				5D77D84F2BBBBC85008EB440 /* Python3.framework */,
			);
			name = Frameworks;
			sourceTree = "<group>";
		};
		5D8D469D2BBB0F580041144E = {
			isa = PBXGroup;
			children = (
				5D8D46A82BBB0F580041144E /* Supporter */,
				5D8D46D82BBB0FBB0041144E /* SupporterCore */,
				5D8D46B82BBB0F5C0041144E /* SupporterTests */,
				5D8D46C22BBB0F5C0041144E /* SupporterUITests */,
				5D8D46E62BBB0FBB0041144E /* SupporterCoreTests */,
				5D8D46A72BBB0F580041144E /* Products */,
				5D77D84E2BBBBC84008EB440 /* Frameworks */,
			);
			sourceTree = "<group>";
		};
		5D8D46A72BBB0F580041144E /* Products */ = {
			isa = PBXGroup;
			children = (
				5D8D46A62BBB0F580041144E /* Kittybot.app */,
				5D8D46B52BBB0F5C0041144E /* SupporterTests.xctest */,
				5D8D46BF2BBB0F5C0041144E /* SupporterUITests.xctest */,
				5D8D46D72BBB0FBB0041144E /* SupporterCore.framework */,
				5D8D46E02BBB0FBB0041144E /* SupporterCoreTests.xctest */,
			);
			name = Products;
			sourceTree = "<group>";
		};
		5D8D46A82BBB0F580041144E /* Supporter */ = {
			isa = PBXGroup;
			children = (
				5D103A602C2B25150019A89C /* Tool */,
				5D8D47022BBB95990041144E /* Settings */,
				5D8D46F92BBB107B0041144E /* VideoDownload */,
				5D8D46A92BBB0F580041144E /* AppDelegate.swift */,
				5D8D46FE2BBB15F90041144E /* WDMain.swift */,
				5D8D46FF2BBB15F90041144E /* WDMain.xib */,
				5D8D46AB2BBB0F5B0041144E /* Assets.xcassets */,
				5D8D46AD2BBB0F5B0041144E /* MainMenu.xib */,
				5D8D46B02BBB0F5B0041144E /* Supporter.entitlements */,
			);
			path = Supporter;
			sourceTree = "<group>";
		};
		5D8D46B82BBB0F5C0041144E /* SupporterTests */ = {
			isa = PBXGroup;
			children = (
				5D8D46B92BBB0F5C0041144E /* SupporterTests.swift */,
			);
			path = SupporterTests;
			sourceTree = "<group>";
		};
		5D8D46C22BBB0F5C0041144E /* SupporterUITests */ = {
			isa = PBXGroup;
			children = (
				5D8D46C32BBB0F5C0041144E /* SupporterUITests.swift */,
				5D8D46C52BBB0F5C0041144E /* SupporterUITestsLaunchTests.swift */,
			);
			path = SupporterUITests;
			sourceTree = "<group>";
		};
		5D8D46D82BBB0FBB0041144E /* SupporterCore */ = {
			isa = PBXGroup;
			children = (
				5D8D46F82BBB10210041144E /* SupportDL */,
				5D8D46D92BBB0FBB0041144E /* SupporterCore.h */,
				5D8D46DA2BBB0FBB0041144E /* SupporterCore.docc */,
			);
			path = SupporterCore;
			sourceTree = "<group>";
		};
		5D8D46E62BBB0FBB0041144E /* SupporterCoreTests */ = {
			isa = PBXGroup;
			children = (
				5D8D46E72BBB0FBB0041144E /* SupporterCoreTests.swift */,
			);
			path = SupporterCoreTests;
			sourceTree = "<group>";
		};
		5D8D46F82BBB10210041144E /* SupportDL */ = {
			isa = PBXGroup;
			children = (
				5D77D8542BBC089F008EB440 /* DLManager.swift */,
			);
			path = SupportDL;
			sourceTree = "<group>";
		};
		5D8D46F92BBB107B0041144E /* VideoDownload */ = {
			isa = PBXGroup;
			children = (
				5D8D46FA2BBB10B00041144E /* WDVideoProgress.swift */,
				5D8D46FB2BBB10B00041144E /* WDVideoProgress.xib */,
			);
			path = VideoDownload;
			sourceTree = "<group>";
		};
		5D8D47022BBB95990041144E /* Settings */ = {
			isa = PBXGroup;
			children = (
				5D77D8422BBB9911008EB440 /* SubPage */,
				5D8D47032BBB95A80041144E /* WDSettings.swift */,
				5D8D47042BBB95A80041144E /* WDSettings.xib */,
			);
			path = Settings;
			sourceTree = "<group>";
		};
/* End PBXGroup section */

/* Begin PBXHeadersBuildPhase section */
		5D8D46D22BBB0FBB0041144E /* Headers */ = {
			isa = PBXHeadersBuildPhase;
			buildActionMask = 2147483647;
			files = (
				5D8D46E92BBB0FBB0041144E /* SupporterCore.h in Headers */,
			);
			runOnlyForDeploymentPostprocessing = 0;
		};
/* End PBXHeadersBuildPhase section */

/* Begin PBXNativeTarget section */
		5D8D46A52BBB0F580041144E /* Supporter */ = {
			isa = PBXNativeTarget;
			buildConfigurationList = 5D8D46C92BBB0F5C0041144E /* Build configuration list for PBXNativeTarget "Supporter" */;
			buildPhases = (
				5D8D46A22BBB0F580041144E /* Sources */,
				5D8D46A32BBB0F580041144E /* Frameworks */,
				5D8D46A42BBB0F580041144E /* Resources */,
				5D8D46F12BBB0FBB0041144E /* Embed Frameworks */,
				5D103A632C2B25740019A89C /* Copy Tools */,
			);
			buildRules = (
			);
			dependencies = (
				5D8D46EB2BBB0FBB0041144E /* PBXTargetDependency */,
			);
			name = Supporter;
			productName = Supporter;
			productReference = 5D8D46A62BBB0F580041144E /* Kittybot.app */;
			productType = "com.apple.product-type.application";
		};
		5D8D46B42BBB0F5C0041144E /* SupporterTests */ = {
			isa = PBXNativeTarget;
			buildConfigurationList = 5D8D46CC2BBB0F5C0041144E /* Build configuration list for PBXNativeTarget "SupporterTests" */;
			buildPhases = (
				5D8D46B12BBB0F5C0041144E /* Sources */,
				5D8D46B22BBB0F5C0041144E /* Frameworks */,
				5D8D46B32BBB0F5C0041144E /* Resources */,
			);
			buildRules = (
			);
			dependencies = (
				5D8D46B72BBB0F5C0041144E /* PBXTargetDependency */,
			);
			name = SupporterTests;
			productName = SupporterTests;
			productReference = 5D8D46B52BBB0F5C0041144E /* SupporterTests.xctest */;
			productType = "com.apple.product-type.bundle.unit-test";
		};
		5D8D46BE2BBB0F5C0041144E /* SupporterUITests */ = {
			isa = PBXNativeTarget;
			buildConfigurationList = 5D8D46CF2BBB0F5C0041144E /* Build configuration list for PBXNativeTarget "SupporterUITests" */;
			buildPhases = (
				5D8D46BB2BBB0F5C0041144E /* Sources */,
				5D8D46BC2BBB0F5C0041144E /* Frameworks */,
				5D8D46BD2BBB0F5C0041144E /* Resources */,
			);
			buildRules = (
			);
			dependencies = (
				5D8D46C12BBB0F5C0041144E /* PBXTargetDependency */,
			);
			name = SupporterUITests;
			productName = SupporterUITests;
			productReference = 5D8D46BF2BBB0F5C0041144E /* SupporterUITests.xctest */;
			productType = "com.apple.product-type.bundle.ui-testing";
		};
		5D8D46D62BBB0FBB0041144E /* SupporterCore */ = {
			isa = PBXNativeTarget;
			buildConfigurationList = 5D8D46EE2BBB0FBB0041144E /* Build configuration list for PBXNativeTarget "SupporterCore" */;
			buildPhases = (
				5D8D46D22BBB0FBB0041144E /* Headers */,
				5D8D46D32BBB0FBB0041144E /* Sources */,
				5D8D46D42BBB0FBB0041144E /* Frameworks */,
				5D8D46D52BBB0FBB0041144E /* Resources */,
			);
			buildRules = (
			);
			dependencies = (
			);
			name = SupporterCore;
			productName = SupporterCore;
			productReference = 5D8D46D72BBB0FBB0041144E /* SupporterCore.framework */;
			productType = "com.apple.product-type.framework";
		};
		5D8D46DF2BBB0FBB0041144E /* SupporterCoreTests */ = {
			isa = PBXNativeTarget;
			buildConfigurationList = 5D8D46F22BBB0FBB0041144E /* Build configuration list for PBXNativeTarget "SupporterCoreTests" */;
			buildPhases = (
				5D8D46DC2BBB0FBB0041144E /* Sources */,
				5D8D46DD2BBB0FBB0041144E /* Frameworks */,
				5D8D46DE2BBB0FBB0041144E /* Resources */,
			);
			buildRules = (
			);
			dependencies = (
				5D8D46E32BBB0FBB0041144E /* PBXTargetDependency */,
				5D8D46E52BBB0FBB0041144E /* PBXTargetDependency */,
			);
			name = SupporterCoreTests;
			productName = SupporterCoreTests;
			productReference = 5D8D46E02BBB0FBB0041144E /* SupporterCoreTests.xctest */;
			productType = "com.apple.product-type.bundle.unit-test";
		};
/* End PBXNativeTarget section */

/* Begin PBXProject section */
		5D8D469E2BBB0F580041144E /* Project object */ = {
			isa = PBXProject;
			attributes = {
				BuildIndependentTargetsInParallel = 1;
				LastSwiftUpdateCheck = 1500;
				LastUpgradeCheck = 1500;
				TargetAttributes = {
					5D8D46A52BBB0F580041144E = {
						CreatedOnToolsVersion = 15.0.1;
					};
					5D8D46B42BBB0F5C0041144E = {
						CreatedOnToolsVersion = 15.0.1;
						TestTargetID = 5D8D46A52BBB0F580041144E;
					};
					5D8D46BE2BBB0F5C0041144E = {
						CreatedOnToolsVersion = 15.0.1;
						TestTargetID = 5D8D46A52BBB0F580041144E;
					};
					5D8D46D62BBB0FBB0041144E = {
						CreatedOnToolsVersion = 15.0.1;
					};
					5D8D46DF2BBB0FBB0041144E = {
						CreatedOnToolsVersion = 15.0.1;
						TestTargetID = 5D8D46A52BBB0F580041144E;
					};
				};
			};
			buildConfigurationList = 5D8D46A12BBB0F580041144E /* Build configuration list for PBXProject "Supporter" */;
			compatibilityVersion = "Xcode 14.0";
			developmentRegion = en;
			hasScannedForEncodings = 0;
			knownRegions = (
				en,
				Base,
			);
			mainGroup = 5D8D469D2BBB0F580041144E;
			productRefGroup = 5D8D46A72BBB0F580041144E /* Products */;
			projectDirPath = "";
			projectRoot = "";
			targets = (
				5D8D46A52BBB0F580041144E /* Supporter */,
				5D8D46B42BBB0F5C0041144E /* SupporterTests */,
				5D8D46BE2BBB0F5C0041144E /* SupporterUITests */,
				5D8D46D62BBB0FBB0041144E /* SupporterCore */,
				5D8D46DF2BBB0FBB0041144E /* SupporterCoreTests */,
			);
		};
/* End PBXProject section */

/* Begin PBXResourcesBuildPhase section */
		5D8D46A42BBB0F580041144E /* Resources */ = {
			isa = PBXResourcesBuildPhase;
			buildActionMask = 2147483647;
			files = (
				5D8D46AC2BBB0F5B0041144E /* Assets.xcassets in Resources */,
				5D8D46AF2BBB0F5B0041144E /* MainMenu.xib in Resources */,
				5D8D47062BBB95A80041144E /* WDSettings.xib in Resources */,
				5D77D84A2BBB9E80008EB440 /* VCSettingsConvert.xib in Resources */,
				5D77D8462BBB992D008EB440 /* VCSettingsVideo.xib in Resources */,
				5D8D46FD2BBB10B00041144E /* WDVideoProgress.xib in Resources */,
				5D8D47012BBB15F90041144E /* WDMain.xib in Resources */,
			);
			runOnlyForDeploymentPostprocessing = 0;
		};
		5D8D46B32BBB0F5C0041144E /* Resources */ = {
			isa = PBXResourcesBuildPhase;
			buildActionMask = 2147483647;
			files = (
			);
			runOnlyForDeploymentPostprocessing = 0;
		};
		5D8D46BD2BBB0F5C0041144E /* Resources */ = {
			isa = PBXResourcesBuildPhase;
			buildActionMask = 2147483647;
			files = (
			);
			runOnlyForDeploymentPostprocessing = 0;
		};
		5D8D46D52BBB0FBB0041144E /* Resources */ = {
			isa = PBXResourcesBuildPhase;
			buildActionMask = 2147483647;
			files = (
			);
			runOnlyForDeploymentPostprocessing = 0;
		};
		5D8D46DE2BBB0FBB0041144E /* Resources */ = {
			isa = PBXResourcesBuildPhase;
			buildActionMask = 2147483647;
			files = (
			);
			runOnlyForDeploymentPostprocessing = 0;
		};
/* End PBXResourcesBuildPhase section */

/* Begin PBXSourcesBuildPhase section */
		5D8D46A22BBB0F580041144E /* Sources */ = {
			isa = PBXSourcesBuildPhase;
			buildActionMask = 2147483647;
			files = (
				5D8D47002BBB15F90041144E /* WDMain.swift in Sources */,
				5D77D8492BBB9E80008EB440 /* VCSettingsConvert.swift in Sources */,
				5D8D46AA2BBB0F580041144E /* AppDelegate.swift in Sources */,
				5D8D46FC2BBB10B00041144E /* WDVideoProgress.swift in Sources */,
				5D8D47052BBB95A80041144E /* WDSettings.swift in Sources */,
				5D77D8452BBB992D008EB440 /* VCSettingsVideo.swift in Sources */,
			);
			runOnlyForDeploymentPostprocessing = 0;
		};
		5D8D46B12BBB0F5C0041144E /* Sources */ = {
			isa = PBXSourcesBuildPhase;
			buildActionMask = 2147483647;
			files = (
				5D8D46BA2BBB0F5C0041144E /* SupporterTests.swift in Sources */,
			);
			runOnlyForDeploymentPostprocessing = 0;
		};
		5D8D46BB2BBB0F5C0041144E /* Sources */ = {
			isa = PBXSourcesBuildPhase;
			buildActionMask = 2147483647;
			files = (
				5D8D46C42BBB0F5C0041144E /* SupporterUITests.swift in Sources */,
				5D8D46C62BBB0F5C0041144E /* SupporterUITestsLaunchTests.swift in Sources */,
			);
			runOnlyForDeploymentPostprocessing = 0;
		};
		5D8D46D32BBB0FBB0041144E /* Sources */ = {
			isa = PBXSourcesBuildPhase;
			buildActionMask = 2147483647;
			files = (
				5D8D46DB2BBB0FBB0041144E /* SupporterCore.docc in Sources */,
				5D77D8552BBC089F008EB440 /* DLManager.swift in Sources */,
			);
			runOnlyForDeploymentPostprocessing = 0;
		};
		5D8D46DC2BBB0FBB0041144E /* Sources */ = {
			isa = PBXSourcesBuildPhase;
			buildActionMask = 2147483647;
			files = (
				5D8D46E82BBB0FBB0041144E /* SupporterCoreTests.swift in Sources */,
			);
			runOnlyForDeploymentPostprocessing = 0;
		};
/* End PBXSourcesBuildPhase section */

/* Begin PBXTargetDependency section */
		5D8D46B72BBB0F5C0041144E /* PBXTargetDependency */ = {
			isa = PBXTargetDependency;
			target = 5D8D46A52BBB0F580041144E /* Supporter */;
			targetProxy = 5D8D46B62BBB0F5C0041144E /* PBXContainerItemProxy */;
		};
		5D8D46C12BBB0F5C0041144E /* PBXTargetDependency */ = {
			isa = PBXTargetDependency;
			target = 5D8D46A52BBB0F580041144E /* Supporter */;
			targetProxy = 5D8D46C02BBB0F5C0041144E /* PBXContainerItemProxy */;
		};
		5D8D46E32BBB0FBB0041144E /* PBXTargetDependency */ = {
			isa = PBXTargetDependency;
			target = 5D8D46D62BBB0FBB0041144E /* SupporterCore */;
			targetProxy = 5D8D46E22BBB0FBB0041144E /* PBXContainerItemProxy */;
		};
		5D8D46E52BBB0FBB0041144E /* PBXTargetDependency */ = {
			isa = PBXTargetDependency;
			target = 5D8D46A52BBB0F580041144E /* Supporter */;
			targetProxy = 5D8D46E42BBB0FBB0041144E /* PBXContainerItemProxy */;
		};
		5D8D46EB2BBB0FBB0041144E /* PBXTargetDependency */ = {
			isa = PBXTargetDependency;
			target = 5D8D46D62BBB0FBB0041144E /* SupporterCore */;
			targetProxy = 5D8D46EA2BBB0FBB0041144E /* PBXContainerItemProxy */;
		};
/* End PBXTargetDependency section */

/* Begin PBXVariantGroup section */
		5D8D46AD2BBB0F5B0041144E /* MainMenu.xib */ = {
			isa = PBXVariantGroup;
			children = (
				5D8D46AE2BBB0F5B0041144E /* Base */,
			);
			name = MainMenu.xib;
			sourceTree = "<group>";
		};
/* End PBXVariantGroup section */

/* Begin XCBuildConfiguration section */
		5D8D46C72BBB0F5C0041144E /* Debug */ = {
			isa = XCBuildConfiguration;
			buildSettings = {
				ALWAYS_SEARCH_USER_PATHS = NO;
				ASSETCATALOG_COMPILER_GENERATE_SWIFT_ASSET_SYMBOL_EXTENSIONS = YES;
				CLANG_ANALYZER_NONNULL = YES;
				CLANG_ANALYZER_NUMBER_OBJECT_CONVERSION = YES_AGGRESSIVE;
				CLANG_CXX_LANGUAGE_STANDARD = "gnu++20";
				CLANG_ENABLE_MODULES = YES;
				CLANG_ENABLE_OBJC_ARC = YES;
				CLANG_ENABLE_OBJC_WEAK = YES;
				CLANG_WARN_BLOCK_CAPTURE_AUTORELEASING = YES;
				CLANG_WARN_BOOL_CONVERSION = YES;
				CLANG_WARN_COMMA = YES;
				CLANG_WARN_CONSTANT_CONVERSION = YES;
				CLANG_WARN_DEPRECATED_OBJC_IMPLEMENTATIONS = YES;
				CLANG_WARN_DIRECT_OBJC_ISA_USAGE = YES_ERROR;
				CLANG_WARN_DOCUMENTATION_COMMENTS = YES;
				CLANG_WARN_EMPTY_BODY = YES;
				CLANG_WARN_ENUM_CONVERSION = YES;
				CLANG_WARN_INFINITE_RECURSION = YES;
				CLANG_WARN_INT_CONVERSION = YES;
				CLANG_WARN_NON_LITERAL_NULL_CONVERSION = YES;
				CLANG_WARN_OBJC_IMPLICIT_RETAIN_SELF = YES;
				CLANG_WARN_OBJC_LITERAL_CONVERSION = YES;
				CLANG_WARN_OBJC_ROOT_CLASS = YES_ERROR;
				CLANG_WARN_QUOTED_INCLUDE_IN_FRAMEWORK_HEADER = YES;
				CLANG_WARN_RANGE_LOOP_ANALYSIS = YES;
				CLANG_WARN_STRICT_PROTOTYPES = YES;
				CLANG_WARN_SUSPICIOUS_MOVE = YES;
				CLANG_WARN_UNGUARDED_AVAILABILITY = YES_AGGRESSIVE;
				CLANG_WARN_UNREACHABLE_CODE = YES;
				CLANG_WARN__DUPLICATE_METHOD_MATCH = YES;
				COPY_PHASE_STRIP = NO;
				DEBUG_INFORMATION_FORMAT = dwarf;
				ENABLE_STRICT_OBJC_MSGSEND = YES;
				ENABLE_TESTABILITY = YES;
				ENABLE_USER_SCRIPT_SANDBOXING = YES;
				GCC_C_LANGUAGE_STANDARD = gnu17;
				GCC_DYNAMIC_NO_PIC = NO;
				GCC_NO_COMMON_BLOCKS = YES;
				GCC_OPTIMIZATION_LEVEL = 0;
				GCC_PREPROCESSOR_DEFINITIONS = (
					"DEBUG=1",
					"$(inherited)",
				);
				GCC_WARN_64_TO_32_BIT_CONVERSION = YES;
				GCC_WARN_ABOUT_RETURN_TYPE = YES_ERROR;
				GCC_WARN_UNDECLARED_SELECTOR = YES;
				GCC_WARN_UNINITIALIZED_AUTOS = YES_AGGRESSIVE;
				GCC_WARN_UNUSED_FUNCTION = YES;
				GCC_WARN_UNUSED_VARIABLE = YES;
				LOCALIZATION_PREFERS_STRING_CATALOGS = YES;
				MACOSX_DEPLOYMENT_TARGET = 14.0;
				MTL_ENABLE_DEBUG_INFO = INCLUDE_SOURCE;
				MTL_FAST_MATH = YES;
				ONLY_ACTIVE_ARCH = YES;
				SDKROOT = macosx;
				SWIFT_ACTIVE_COMPILATION_CONDITIONS = "DEBUG $(inherited)";
				SWIFT_OPTIMIZATION_LEVEL = "-Onone";
			};
			name = Debug;
		};
		5D8D46C82BBB0F5C0041144E /* Release */ = {
			isa = XCBuildConfiguration;
			buildSettings = {
				ALWAYS_SEARCH_USER_PATHS = NO;
				ASSETCATALOG_COMPILER_GENERATE_SWIFT_ASSET_SYMBOL_EXTENSIONS = YES;
				CLANG_ANALYZER_NONNULL = YES;
				CLANG_ANALYZER_NUMBER_OBJECT_CONVERSION = YES_AGGRESSIVE;
				CLANG_CXX_LANGUAGE_STANDARD = "gnu++20";
				CLANG_ENABLE_MODULES = YES;
				CLANG_ENABLE_OBJC_ARC = YES;
				CLANG_ENABLE_OBJC_WEAK = YES;
				CLANG_WARN_BLOCK_CAPTURE_AUTORELEASING = YES;
				CLANG_WARN_BOOL_CONVERSION = YES;
				CLANG_WARN_COMMA = YES;
				CLANG_WARN_CONSTANT_CONVERSION = YES;
				CLANG_WARN_DEPRECATED_OBJC_IMPLEMENTATIONS = YES;
				CLANG_WARN_DIRECT_OBJC_ISA_USAGE = YES_ERROR;
				CLANG_WARN_DOCUMENTATION_COMMENTS = YES;
				CLANG_WARN_EMPTY_BODY = YES;
				CLANG_WARN_ENUM_CONVERSION = YES;
				CLANG_WARN_INFINITE_RECURSION = YES;
				CLANG_WARN_INT_CONVERSION = YES;
				CLANG_WARN_NON_LITERAL_NULL_CONVERSION = YES;
				CLANG_WARN_OBJC_IMPLICIT_RETAIN_SELF = YES;
				CLANG_WARN_OBJC_LITERAL_CONVERSION = YES;
				CLANG_WARN_OBJC_ROOT_CLASS = YES_ERROR;
				CLANG_WARN_QUOTED_INCLUDE_IN_FRAMEWORK_HEADER = YES;
				CLANG_WARN_RANGE_LOOP_ANALYSIS = YES;
				CLANG_WARN_STRICT_PROTOTYPES = YES;
				CLANG_WARN_SUSPICIOUS_MOVE = YES;
				CLANG_WARN_UNGUARDED_AVAILABILITY = YES_AGGRESSIVE;
				CLANG_WARN_UNREACHABLE_CODE = YES;
				CLANG_WARN__DUPLICATE_METHOD_MATCH = YES;
				COPY_PHASE_STRIP = NO;
				DEBUG_INFORMATION_FORMAT = "dwarf-with-dsym";
				ENABLE_NS_ASSERTIONS = NO;
				ENABLE_STRICT_OBJC_MSGSEND = YES;
				ENABLE_USER_SCRIPT_SANDBOXING = YES;
				GCC_C_LANGUAGE_STANDARD = gnu17;
				GCC_NO_COMMON_BLOCKS = YES;
				GCC_WARN_64_TO_32_BIT_CONVERSION = YES;
				GCC_WARN_ABOUT_RETURN_TYPE = YES_ERROR;
				GCC_WARN_UNDECLARED_SELECTOR = YES;
				GCC_WARN_UNINITIALIZED_AUTOS = YES_AGGRESSIVE;
				GCC_WARN_UNUSED_FUNCTION = YES;
				GCC_WARN_UNUSED_VARIABLE = YES;
				LOCALIZATION_PREFERS_STRING_CATALOGS = YES;
				MACOSX_DEPLOYMENT_TARGET = 14.0;
				MTL_ENABLE_DEBUG_INFO = NO;
				MTL_FAST_MATH = YES;
				SDKROOT = macosx;
				SWIFT_COMPILATION_MODE = wholemodule;
			};
			name = Release;
		};
		5D8D46CA2BBB0F5C0041144E /* Debug */ = {
			isa = XCBuildConfiguration;
			buildSettings = {
				ALWAYS_EMBED_SWIFT_STANDARD_LIBRARIES = YES;
				ASSETCATALOG_COMPILER_APPICON_NAME = AppIcon;
				ASSETCATALOG_COMPILER_GLOBAL_ACCENT_COLOR_NAME = AccentColor;
				CODE_SIGN_ENTITLEMENTS = Supporter/Supporter.entitlements;
				CODE_SIGN_STYLE = Automatic;
				COMBINE_HIDPI_IMAGES = YES;
				CURRENT_PROJECT_VERSION = 1;
				DEVELOPMENT_TEAM = FXSVDYCN2P;
				ENABLE_HARDENED_RUNTIME = NO;
				GENERATE_INFOPLIST_FILE = YES;
				INFOPLIST_KEY_CFBundleDisplayName = Kittybot;
				INFOPLIST_KEY_LSApplicationCategoryType = "public.app-category.utilities";
				INFOPLIST_KEY_NSHumanReadableCopyright = "";
				INFOPLIST_KEY_NSMainNibFile = MainMenu;
				INFOPLIST_KEY_NSPrincipalClass = NSApplication;
				LD_RUNPATH_SEARCH_PATHS = (
					"$(inherited)",
					"@executable_path/../Frameworks",
				);
				MACOSX_DEPLOYMENT_TARGET = 10.15;
				MARKETING_VERSION = 1.0;
				PRODUCT_BUNDLE_IDENTIFIER = studio.tri.Supporter;
				PRODUCT_NAME = Kittybot;
				SWIFT_EMIT_LOC_STRINGS = YES;
				SWIFT_VERSION = 5.0;
			};
			name = Debug;
		};
		5D8D46CB2BBB0F5C0041144E /* Release */ = {
			isa = XCBuildConfiguration;
			buildSettings = {
				ALWAYS_EMBED_SWIFT_STANDARD_LIBRARIES = YES;
				ASSETCATALOG_COMPILER_APPICON_NAME = AppIcon;
				ASSETCATALOG_COMPILER_GLOBAL_ACCENT_COLOR_NAME = AccentColor;
				CODE_SIGN_ENTITLEMENTS = Supporter/Supporter.entitlements;
				CODE_SIGN_STYLE = Automatic;
				COMBINE_HIDPI_IMAGES = YES;
				CURRENT_PROJECT_VERSION = 1;
				DEVELOPMENT_TEAM = FXSVDYCN2P;
				ENABLE_HARDENED_RUNTIME = NO;
				GENERATE_INFOPLIST_FILE = YES;
				INFOPLIST_KEY_CFBundleDisplayName = Kittybot;
				INFOPLIST_KEY_LSApplicationCategoryType = "public.app-category.utilities";
				INFOPLIST_KEY_NSHumanReadableCopyright = "";
				INFOPLIST_KEY_NSMainNibFile = MainMenu;
				INFOPLIST_KEY_NSPrincipalClass = NSApplication;
				LD_RUNPATH_SEARCH_PATHS = (
					"$(inherited)",
					"@executable_path/../Frameworks",
				);
				MACOSX_DEPLOYMENT_TARGET = 10.15;
				MARKETING_VERSION = 1.0;
				PRODUCT_BUNDLE_IDENTIFIER = studio.tri.Supporter;
				PRODUCT_NAME = Kittybot;
				SWIFT_EMIT_LOC_STRINGS = YES;
				SWIFT_VERSION = 5.0;
			};
			name = Release;
		};
		5D8D46CD2BBB0F5C0041144E /* Debug */ = {
			isa = XCBuildConfiguration;
			buildSettings = {
				ALWAYS_EMBED_SWIFT_STANDARD_LIBRARIES = YES;
				BUNDLE_LOADER = "$(TEST_HOST)";
				CODE_SIGN_STYLE = Automatic;
				CURRENT_PROJECT_VERSION = 1;
				DEVELOPMENT_TEAM = FXSVDYCN2P;
				GENERATE_INFOPLIST_FILE = YES;
				MACOSX_DEPLOYMENT_TARGET = 14.0;
				MARKETING_VERSION = 1.0;
				PRODUCT_BUNDLE_IDENTIFIER = studio.tri.SupporterTests;
				PRODUCT_NAME = "$(TARGET_NAME)";
				SWIFT_EMIT_LOC_STRINGS = NO;
				SWIFT_VERSION = 5.0;
				TEST_HOST = "$(BUILT_PRODUCTS_DIR)/Kittybot.app/$(BUNDLE_EXECUTABLE_FOLDER_PATH)/Kittybot";
			};
			name = Debug;
		};
		5D8D46CE2BBB0F5C0041144E /* Release */ = {
			isa = XCBuildConfiguration;
			buildSettings = {
				ALWAYS_EMBED_SWIFT_STANDARD_LIBRARIES = YES;
				BUNDLE_LOADER = "$(TEST_HOST)";
				CODE_SIGN_STYLE = Automatic;
				CURRENT_PROJECT_VERSION = 1;
				DEVELOPMENT_TEAM = FXSVDYCN2P;
				GENERATE_INFOPLIST_FILE = YES;
				MACOSX_DEPLOYMENT_TARGET = 14.0;
				MARKETING_VERSION = 1.0;
				PRODUCT_BUNDLE_IDENTIFIER = studio.tri.SupporterTests;
				PRODUCT_NAME = "$(TARGET_NAME)";
				SWIFT_EMIT_LOC_STRINGS = NO;
				SWIFT_VERSION = 5.0;
				TEST_HOST = "$(BUILT_PRODUCTS_DIR)/Kittybot.app/$(BUNDLE_EXECUTABLE_FOLDER_PATH)/Kittybot";
			};
			name = Release;
		};
		5D8D46D02BBB0F5C0041144E /* Debug */ = {
			isa = XCBuildConfiguration;
			buildSettings = {
				ALWAYS_EMBED_SWIFT_STANDARD_LIBRARIES = YES;
				CODE_SIGN_STYLE = Automatic;
				CURRENT_PROJECT_VERSION = 1;
				DEVELOPMENT_TEAM = FXSVDYCN2P;
				GENERATE_INFOPLIST_FILE = YES;
				MARKETING_VERSION = 1.0;
				PRODUCT_BUNDLE_IDENTIFIER = studio.tri.SupporterUITests;
				PRODUCT_NAME = "$(TARGET_NAME)";
				SWIFT_EMIT_LOC_STRINGS = NO;
				SWIFT_VERSION = 5.0;
				TEST_TARGET_NAME = Kittybot;
			};
			name = Debug;
		};
		5D8D46D12BBB0F5C0041144E /* Release */ = {
			isa = XCBuildConfiguration;
			buildSettings = {
				ALWAYS_EMBED_SWIFT_STANDARD_LIBRARIES = YES;
				CODE_SIGN_STYLE = Automatic;
				CURRENT_PROJECT_VERSION = 1;
				DEVELOPMENT_TEAM = FXSVDYCN2P;
				GENERATE_INFOPLIST_FILE = YES;
				MARKETING_VERSION = 1.0;
				PRODUCT_BUNDLE_IDENTIFIER = studio.tri.SupporterUITests;
				PRODUCT_NAME = "$(TARGET_NAME)";
				SWIFT_EMIT_LOC_STRINGS = NO;
				SWIFT_VERSION = 5.0;
				TEST_TARGET_NAME = Kittybot;
			};
			name = Release;
		};
		5D8D46EF2BBB0FBB0041144E /* Debug */ = {
			isa = XCBuildConfiguration;
			buildSettings = {
				CODE_SIGN_STYLE = Automatic;
				CURRENT_PROJECT_VERSION = 1;
				DEFINES_MODULE = YES;
				DEVELOPMENT_TEAM = FXSVDYCN2P;
				DYLIB_COMPATIBILITY_VERSION = 1;
				DYLIB_CURRENT_VERSION = 1;
				DYLIB_INSTALL_NAME_BASE = "@rpath";
				ENABLE_MODULE_VERIFIER = YES;
				GENERATE_INFOPLIST_FILE = YES;
				INFOPLIST_KEY_NSHumanReadableCopyright = "";
				INSTALL_PATH = "$(LOCAL_LIBRARY_DIR)/Frameworks";
				IPHONEOS_DEPLOYMENT_TARGET = 14.0;
				LD_RUNPATH_SEARCH_PATHS = (
					"@executable_path/Frameworks",
					"@loader_path/Frameworks",
				);
				"LD_RUNPATH_SEARCH_PATHS[sdk=macosx*]" = (
					"@executable_path/../Frameworks",
					"@loader_path/Frameworks",
				);
				MACOSX_DEPLOYMENT_TARGET = 10.15;
				MARKETING_VERSION = 1.0;
				MODULE_VERIFIER_SUPPORTED_LANGUAGES = "objective-c objective-c++";
				MODULE_VERIFIER_SUPPORTED_LANGUAGE_STANDARDS = "gnu17 gnu++20";
				PRODUCT_BUNDLE_IDENTIFIER = studio.tri.SupporterCore;
				PRODUCT_NAME = "$(TARGET_NAME:c99extidentifier)";
				SDKROOT = auto;
				SKIP_INSTALL = YES;
				SUPPORTED_PLATFORMS = "iphoneos iphonesimulator macosx";
				SWIFT_EMIT_LOC_STRINGS = YES;
				SWIFT_VERSION = 5.0;
				TARGETED_DEVICE_FAMILY = "1,2";
				VERSIONING_SYSTEM = "apple-generic";
				VERSION_INFO_PREFIX = "";
			};
			name = Debug;
		};
		5D8D46F02BBB0FBB0041144E /* Release */ = {
			isa = XCBuildConfiguration;
			buildSettings = {
				CODE_SIGN_STYLE = Automatic;
				CURRENT_PROJECT_VERSION = 1;
				DEFINES_MODULE = YES;
				DEVELOPMENT_TEAM = FXSVDYCN2P;
				DYLIB_COMPATIBILITY_VERSION = 1;
				DYLIB_CURRENT_VERSION = 1;
				DYLIB_INSTALL_NAME_BASE = "@rpath";
				ENABLE_MODULE_VERIFIER = YES;
				GENERATE_INFOPLIST_FILE = YES;
				INFOPLIST_KEY_NSHumanReadableCopyright = "";
				INSTALL_PATH = "$(LOCAL_LIBRARY_DIR)/Frameworks";
				IPHONEOS_DEPLOYMENT_TARGET = 14.0;
				LD_RUNPATH_SEARCH_PATHS = (
					"@executable_path/Frameworks",
					"@loader_path/Frameworks",
				);
				"LD_RUNPATH_SEARCH_PATHS[sdk=macosx*]" = (
					"@executable_path/../Frameworks",
					"@loader_path/Frameworks",
				);
				MACOSX_DEPLOYMENT_TARGET = 10.15;
				MARKETING_VERSION = 1.0;
				MODULE_VERIFIER_SUPPORTED_LANGUAGES = "objective-c objective-c++";
				MODULE_VERIFIER_SUPPORTED_LANGUAGE_STANDARDS = "gnu17 gnu++20";
				PRODUCT_BUNDLE_IDENTIFIER = studio.tri.SupporterCore;
				PRODUCT_NAME = "$(TARGET_NAME:c99extidentifier)";
				SDKROOT = auto;
				SKIP_INSTALL = YES;
				SUPPORTED_PLATFORMS = "iphoneos iphonesimulator macosx";
				SWIFT_EMIT_LOC_STRINGS = YES;
				SWIFT_VERSION = 5.0;
				TARGETED_DEVICE_FAMILY = "1,2";
				VERSIONING_SYSTEM = "apple-generic";
				VERSION_INFO_PREFIX = "";
			};
			name = Release;
		};
		5D8D46F32BBB0FBB0041144E /* Debug */ = {
			isa = XCBuildConfiguration;
			buildSettings = {
				ALWAYS_EMBED_SWIFT_STANDARD_LIBRARIES = YES;
				CODE_SIGN_STYLE = Automatic;
				CURRENT_PROJECT_VERSION = 1;
				DEVELOPMENT_TEAM = FXSVDYCN2P;
				GENERATE_INFOPLIST_FILE = YES;
				IPHONEOS_DEPLOYMENT_TARGET = 14.0;
				MACOSX_DEPLOYMENT_TARGET = 10.15;
				MARKETING_VERSION = 1.0;
				PRODUCT_BUNDLE_IDENTIFIER = studio.tri.SupporterCoreTests;
				PRODUCT_NAME = "$(TARGET_NAME)";
				SDKROOT = auto;
				SUPPORTED_PLATFORMS = "iphoneos iphonesimulator macosx";
				SWIFT_EMIT_LOC_STRINGS = NO;
				SWIFT_VERSION = 5.0;
				TARGETED_DEVICE_FAMILY = "1,2";
				TEST_HOST = "$(BUILT_PRODUCTS_DIR)/Kittybot.app/$(BUNDLE_EXECUTABLE_FOLDER_PATH)/Kittybot";
			};
			name = Debug;
		};
		5D8D46F42BBB0FBB0041144E /* Release */ = {
			isa = XCBuildConfiguration;
			buildSettings = {
				ALWAYS_EMBED_SWIFT_STANDARD_LIBRARIES = YES;
				CODE_SIGN_STYLE = Automatic;
				CURRENT_PROJECT_VERSION = 1;
				DEVELOPMENT_TEAM = FXSVDYCN2P;
				GENERATE_INFOPLIST_FILE = YES;
				IPHONEOS_DEPLOYMENT_TARGET = 14.0;
				MACOSX_DEPLOYMENT_TARGET = 10.15;
				MARKETING_VERSION = 1.0;
				PRODUCT_BUNDLE_IDENTIFIER = studio.tri.SupporterCoreTests;
				PRODUCT_NAME = "$(TARGET_NAME)";
				SDKROOT = auto;
				SUPPORTED_PLATFORMS = "iphoneos iphonesimulator macosx";
				SWIFT_EMIT_LOC_STRINGS = NO;
				SWIFT_VERSION = 5.0;
				TARGETED_DEVICE_FAMILY = "1,2";
				TEST_HOST = "$(BUILT_PRODUCTS_DIR)/Kittybot.app/$(BUNDLE_EXECUTABLE_FOLDER_PATH)/Kittybot";
			};
			name = Release;
		};
/* End XCBuildConfiguration section */

/* Begin XCConfigurationList section */
		5D8D46A12BBB0F580041144E /* Build configuration list for PBXProject "Supporter" */ = {
			isa = XCConfigurationList;
			buildConfigurations = (
				5D8D46C72BBB0F5C0041144E /* Debug */,
				5D8D46C82BBB0F5C0041144E /* Release */,
			);
			defaultConfigurationIsVisible = 0;
			defaultConfigurationName = Release;
		};
		5D8D46C92BBB0F5C0041144E /* Build configuration list for PBXNativeTarget "Supporter" */ = {
			isa = XCConfigurationList;
			buildConfigurations = (
				5D8D46CA2BBB0F5C0041144E /* Debug */,
				5D8D46CB2BBB0F5C0041144E /* Release */,
			);
			defaultConfigurationIsVisible = 0;
			defaultConfigurationName = Release;
		};
		5D8D46CC2BBB0F5C0041144E /* Build configuration list for PBXNativeTarget "SupporterTests" */ = {
			isa = XCConfigurationList;
			buildConfigurations = (
				5D8D46CD2BBB0F5C0041144E /* Debug */,
				5D8D46CE2BBB0F5C0041144E /* Release */,
			);
			defaultConfigurationIsVisible = 0;
			defaultConfigurationName = Release;
		};
		5D8D46CF2BBB0F5C0041144E /* Build configuration list for PBXNativeTarget "SupporterUITests" */ = {
			isa = XCConfigurationList;
			buildConfigurations = (
				5D8D46D02BBB0F5C0041144E /* Debug */,
				5D8D46D12BBB0F5C0041144E /* Release */,
			);
			defaultConfigurationIsVisible = 0;
			defaultConfigurationName = Release;
		};
		5D8D46EE2BBB0FBB0041144E /* Build configuration list for PBXNativeTarget "SupporterCore" */ = {
			isa = XCConfigurationList;
			buildConfigurations = (
				5D8D46EF2BBB0FBB0041144E /* Debug */,
				5D8D46F02BBB0FBB0041144E /* Release */,
			);
			defaultConfigurationIsVisible = 0;
			defaultConfigurationName = Release;
		};
		5D8D46F22BBB0FBB0041144E /* Build configuration list for PBXNativeTarget "SupporterCoreTests" */ = {
			isa = XCConfigurationList;
			buildConfigurations = (
				5D8D46F32BBB0FBB0041144E /* Debug */,
				5D8D46F42BBB0FBB0041144E /* Release */,
			);
			defaultConfigurationIsVisible = 0;
			defaultConfigurationName = Release;
		};
/* End XCConfigurationList section */
	};
	rootObject = 5D8D469E2BBB0F580041144E /* Project object */;
}
